
Microsoft Visual Studio Solution File, Format Version 12.00
# Visual Studio Version 17
VisualStudioVersion = 17.3.32901.215
MinimumVisualStudioVersion = 10.0.40219.1
Project("{9A19103F-16F7-4668-BE54-9A1E7A4F7556}") = "AggregationAPI", "AggregationAPI\AggregationAPI.csproj", "{E845FA71-9125-4120-97CF-0CAB9FB12F7B}"
EndProject
Project("{FAE04EC0-301F-11D3-BF4B-00C04F79EFBC}") = "AggregationAPI.UnitTests", "AggregationAPI.UnitTests\AggregationAPI.UnitTests.csproj", "{309F5654-F13F-43CD-A49B-21392BBB32D1}"
EndProject
Global
	GlobalSection(SolutionConfigurationPlatforms) = preSolution
		Debug|Any CPU = Debug|Any CPU
		Release|Any CPU = Release|Any CPU
	EndGlobalSection
	GlobalSection(ProjectConfigurationPlatforms) = postSolution
		{E845FA71-9125-4120-97CF-0CAB9FB12F7B}.Debug|Any CPU.ActiveCfg = Debug|Any CPU
		{E845FA71-9125-4120-97CF-0CAB9FB12F7B}.Debug|Any CPU.Build.0 = Debug|Any CPU
		{E845FA71-9125-4120-97CF-0CAB9FB12F7B}.Release|Any CPU.ActiveCfg = Release|Any CPU
		{E845FA71-9125-4120-97CF-0CAB9FB12F7B}.Release|Any CPU.Build.0 = Release|Any CPU
		{309F5654-F13F-43CD-A49B-21392BBB32D1}.Debug|Any CPU.ActiveCfg = Debug|Any CPU
		{309F5654-F13F-43CD-A49B-21392BBB32D1}.Debug|Any CPU.Build.0 = Debug|Any CPU
		{309F5654-F13F-43CD-A49B-21392BBB32D1}.Release|Any CPU.ActiveCfg = Release|Any CPU
		{309F5654-F13F-43CD-A49B-21392BBB32D1}.Release|Any CPU.Build.0 = Release|Any CPU
	EndGlobalSection
	GlobalSection(SolutionProperties) = preSolution
		HideSolutionNode = FALSE
	EndGlobalSection
	GlobalSection(ExtensibilityGlobals) = postSolution
		SolutionGuid = {A392616C-6755-4954-867A-71A00093DEAB}
	EndGlobalSection
EndGlobal
